
Microsoft Visual Studio Solution File, Format Version 12.00
# Visual Studio 15
VisualStudioVersion = 15.0.28010.2036
MinimumVisualStudioVersion = 10.0.40219.1
Project("{9A19103F-16F7-4668-BE54-9A1E7A4F7556}") = "NotificationTemplateManager", "NotificationTemplateManager.csproj", "{9AD3D04C-51B3-43FC-B32F-1FF0470E5A79}"
EndProject
Global
	GlobalSection(SolutionConfigurationPlatforms) = preSolution
		Debug|Any CPU = Debug|Any CPU
		Release|Any CPU = Release|Any CPU
	EndGlobalSection
	GlobalSection(ProjectConfigurationPlatforms) = postSolution
		{9AD3D04C-51B3-43FC-B32F-1FF0470E5A79}.Debug|Any CPU.ActiveCfg = Debug|Any CPU
		{9AD3D04C-51B3-43FC-B32F-1FF0470E5A79}.Debug|Any CPU.Build.0 = Debug|Any CPU
		{9AD3D04C-51B3-43FC-B32F-1FF0470E5A79}.Release|Any CPU.ActiveCfg = Release|Any CPU
		{9AD3D04C-51B3-43FC-B32F-1FF0470E5A79}.Release|Any CPU.Build.0 = Release|Any CPU
	EndGlobalSection
	GlobalSection(SolutionProperties) = preSolution
		HideSolutionNode = FALSE
	EndGlobalSection
	GlobalSection(ExtensibilityGlobals) = postSolution
		SolutionGuid = {6F8229B7-5DC1-403D-925F-A15C8BAC5040}
	EndGlobalSection
EndGlobal
